
Microsoft Visual Studio Solution File, Format Version 12.00
# Visual Studio Version 17
VisualStudioVersion = 17.6.33801.468
MinimumVisualStudioVersion = 10.0.40219.1
Project("{9A19103F-16F7-4668-BE54-9A1E7A4F7556}") = "UserManagment.Presentation", "UserManagment.Presentation\UserManagment.Presentation.csproj", "{6731D15C-43F9-4130-BD8F-1243E4FB14A6}"
EndProject
Project("{9A19103F-16F7-4668-BE54-9A1E7A4F7556}") = "UserManagment.Core", "UserManagment.Core\UserManagment.Core.csproj", "{7E22795E-C3DC-4836-BF73-078697FF9D6A}"
EndProject
Project("{9A19103F-16F7-4668-BE54-9A1E7A4F7556}") = "UserManagment.Data", "UserManagment.Data\UserManagment.Data.csproj", "{98EAD70E-0D5F-4A4E-B8A6-D8B5E9E2EE51}"
EndProject
Project("{9A19103F-16F7-4668-BE54-9A1E7A4F7556}") = "UserManagment.Application", "UserManagment.Application\UserManagment.Application.csproj", "{76D8F86E-7B0C-4921-9062-34F6E223E26E}"
EndProject
Project("{E53339B2-1760-4266-BCC7-CA923CBCF16C}") = "docker-compose", "docker-compose.dcproj", "{51C5478F-0076-4C81-906F-83ADAB72D7F5}"
EndProject
Global
	GlobalSection(SolutionConfigurationPlatforms) = preSolution
		Debug|Any CPU = Debug|Any CPU
		Release|Any CPU = Release|Any CPU
	EndGlobalSection
	GlobalSection(ProjectConfigurationPlatforms) = postSolution
		{6731D15C-43F9-4130-BD8F-1243E4FB14A6}.Debug|Any CPU.ActiveCfg = Debug|Any CPU
		{6731D15C-43F9-4130-BD8F-1243E4FB14A6}.Debug|Any CPU.Build.0 = Debug|Any CPU
		{6731D15C-43F9-4130-BD8F-1243E4FB14A6}.Release|Any CPU.ActiveCfg = Release|Any CPU
		{6731D15C-43F9-4130-BD8F-1243E4FB14A6}.Release|Any CPU.Build.0 = Release|Any CPU
		{7E22795E-C3DC-4836-BF73-078697FF9D6A}.Debug|Any CPU.ActiveCfg = Debug|Any CPU
		{7E22795E-C3DC-4836-BF73-078697FF9D6A}.Debug|Any CPU.Build.0 = Debug|Any CPU
		{7E22795E-C3DC-4836-BF73-078697FF9D6A}.Release|Any CPU.ActiveCfg = Release|Any CPU
		{7E22795E-C3DC-4836-BF73-078697FF9D6A}.Release|Any CPU.Build.0 = Release|Any CPU
		{98EAD70E-0D5F-4A4E-B8A6-D8B5E9E2EE51}.Debug|Any CPU.ActiveCfg = Debug|Any CPU
		{98EAD70E-0D5F-4A4E-B8A6-D8B5E9E2EE51}.Debug|Any CPU.Build.0 = Debug|Any CPU
		{98EAD70E-0D5F-4A4E-B8A6-D8B5E9E2EE51}.Release|Any CPU.ActiveCfg = Release|Any CPU
		{98EAD70E-0D5F-4A4E-B8A6-D8B5E9E2EE51}.Release|Any CPU.Build.0 = Release|Any CPU
		{76D8F86E-7B0C-4921-9062-34F6E223E26E}.Debug|Any CPU.ActiveCfg = Debug|Any CPU
		{76D8F86E-7B0C-4921-9062-34F6E223E26E}.Debug|Any CPU.Build.0 = Debug|Any CPU
		{76D8F86E-7B0C-4921-9062-34F6E223E26E}.Release|Any CPU.ActiveCfg = Release|Any CPU
		{76D8F86E-7B0C-4921-9062-34F6E223E26E}.Release|Any CPU.Build.0 = Release|Any CPU
		{51C5478F-0076-4C81-906F-83ADAB72D7F5}.Debug|Any CPU.ActiveCfg = Debug|Any CPU
		{51C5478F-0076-4C81-906F-83ADAB72D7F5}.Debug|Any CPU.Build.0 = Debug|Any CPU
		{51C5478F-0076-4C81-906F-83ADAB72D7F5}.Release|Any CPU.ActiveCfg = Release|Any CPU
		{51C5478F-0076-4C81-906F-83ADAB72D7F5}.Release|Any CPU.Build.0 = Release|Any CPU
	EndGlobalSection
	GlobalSection(SolutionProperties) = preSolution
		HideSolutionNode = FALSE
	EndGlobalSection
	GlobalSection(ExtensibilityGlobals) = postSolution
		SolutionGuid = {19B90D33-F4DD-46C1-913B-C286874A5683}
	EndGlobalSection
EndGlobal
